
Microsoft Visual Studio Solution File, Format Version 12.00
# Visual Studio Version 16
VisualStudioVersion = 16.0.30002.166
MinimumVisualStudioVersion = 10.0.40219.1
Project("{FAE04EC0-301F-11D3-BF4B-00C04F79EFBC}") = "App2", "App2.csproj", "{2364F335-7A07-4BF8-9563-9E7D4E767236}"
EndProject
Global
	GlobalSection(SolutionConfigurationPlatforms) = preSolution
		Debug|Any CPU = Debug|Any CPU
		Release|Any CPU = Release|Any CPU
	EndGlobalSection
	GlobalSection(ProjectConfigurationPlatforms) = postSolution
		{2364F335-7A07-4BF8-9563-9E7D4E767236}.Debug|Any CPU.ActiveCfg = Debug|Any CPU
		{2364F335-7A07-4BF8-9563-9E7D4E767236}.Debug|Any CPU.Build.0 = Debug|Any CPU
		{2364F335-7A07-4BF8-9563-9E7D4E767236}.Release|Any CPU.ActiveCfg = Release|Any CPU
		{2364F335-7A07-4BF8-9563-9E7D4E767236}.Release|Any CPU.Build.0 = Release|Any CPU
	EndGlobalSection
	GlobalSection(SolutionProperties) = preSolution
		HideSolutionNode = FALSE
	EndGlobalSection
	GlobalSection(ExtensibilityGlobals) = postSolution
		SolutionGuid = {BB7CE356-0E0E-4857-92BF-33CE2D84C231}
	EndGlobalSection
EndGlobal
